
Microsoft Visual Studio Solution File, Format Version 12.00
# Visual Studio 15
VisualStudioVersion = 15.0.27703.2000
MinimumVisualStudioVersion = 10.0.40219.1
Project("{FAE04EC0-301F-11D3-BF4B-00C04F79EFBC}") = "LinkedList", "LinkedList\LinkedList.csproj", "{69DC4525-1E0F-485D-82DF-3C11AA1B7E9E}"
EndProject
Global
	GlobalSection(SolutionConfigurationPlatforms) = preSolution
		Debug|Any CPU = Debug|Any CPU
		Release|Any CPU = Release|Any CPU
	EndGlobalSection
	GlobalSection(ProjectConfigurationPlatforms) = postSolution
		{69DC4525-1E0F-485D-82DF-3C11AA1B7E9E}.Debug|Any CPU.ActiveCfg = Debug|Any CPU
		{69DC4525-1E0F-485D-82DF-3C11AA1B7E9E}.Debug|Any CPU.Build.0 = Debug|Any CPU
		{69DC4525-1E0F-485D-82DF-3C11AA1B7E9E}.Release|Any CPU.ActiveCfg = Release|Any CPU
		{69DC4525-1E0F-485D-82DF-3C11AA1B7E9E}.Release|Any CPU.Build.0 = Release|Any CPU
	EndGlobalSection
	GlobalSection(SolutionProperties) = preSolution
		HideSolutionNode = FALSE
	EndGlobalSection
	GlobalSection(ExtensibilityGlobals) = postSolution
		SolutionGuid = {1C99F4F9-D2A1-48AE-B88A-07139FB9BC92}
	EndGlobalSection
EndGlobal
